
Microsoft Visual Studio Solution File, Format Version 12.00
# Visual Studio Version 17
VisualStudioVersion = 17.14.36603.0 d17.14
MinimumVisualStudioVersion = 10.0.40219.1
Project("{8BC9CEB8-8B4A-11D0-8D11-00A0C91BC942}") = "Maths", "Maths\Maths.vcxproj", "{840AB77F-0A3A-4A6A-8B2C-84E9FD5CAF4F}"
EndProject
Global
	GlobalSection(SolutionConfigurationPlatforms) = preSolution
		Debug|x64 = Debug|x64
		Debug|x86 = Debug|x86
		Release|x64 = Release|x64
		Release|x86 = Release|x86
	EndGlobalSection
	GlobalSection(ProjectConfigurationPlatforms) = postSolution
		{840AB77F-0A3A-4A6A-8B2C-84E9FD5CAF4F}.Debug|x64.ActiveCfg = Debug|x64
		{840AB77F-0A3A-4A6A-8B2C-84E9FD5CAF4F}.Debug|x64.Build.0 = Debug|x64
		{840AB77F-0A3A-4A6A-8B2C-84E9FD5CAF4F}.Debug|x86.ActiveCfg = Debug|Win32
		{840AB77F-0A3A-4A6A-8B2C-84E9FD5CAF4F}.Debug|x86.Build.0 = Debug|Win32
		{840AB77F-0A3A-4A6A-8B2C-84E9FD5CAF4F}.Release|x64.ActiveCfg = Release|x64
		{840AB77F-0A3A-4A6A-8B2C-84E9FD5CAF4F}.Release|x64.Build.0 = Release|x64
		{840AB77F-0A3A-4A6A-8B2C-84E9FD5CAF4F}.Release|x86.ActiveCfg = Release|Win32
		{840AB77F-0A3A-4A6A-8B2C-84E9FD5CAF4F}.Release|x86.Build.0 = Release|Win32
	EndGlobalSection
	GlobalSection(SolutionProperties) = preSolution
		HideSolutionNode = FALSE
	EndGlobalSection
	GlobalSection(ExtensibilityGlobals) = postSolution
		SolutionGuid = {E378EE6D-286C-42D0-91B0-FD816E461466}
	EndGlobalSection
EndGlobal
